<?xml version="1.0" encoding="UTF-8" standalone="yes" ?>
<CodeBlocks_project_file>
	<FileVersion major="1" minor="6" />
	<Project>
		<Option title="elogind" />
		<Option makefile_is_custom="1" />
		<Option execution_dir="../../elogind" />
		<Option pch_mode="2" />
		<Option compiler="gcc" />
		<Build>
			<Target title="all">
				<Option output="../.libs/libelogind" prefix_auto="1" extension_auto="1" />
				<Option object_output="./" />
				<Option type="1" />
				<Option compiler="gcc" />
				<Compiler>
					<Add option="-g" />
				</Compiler>
			</Target>
			<Target title="clean">
				<Option output="../.libs/libelogind" prefix_auto="1" extension_auto="1" />
				<Option object_output="./" />
				<Option type="1" />
				<Option compiler="gcc" />
				<Compiler>
					<Add option="-O2" />
				</Compiler>
				<Linker>
					<Add option="-s" />
				</Linker>
			</Target>
		</Build>
		<Compiler>
			<Add option="-Wall" />
		</Compiler>
		<Unit filename="../Makefile.am" />
		<Unit filename="../config.h.in" />
		<Unit filename="../configure.ac" />
		<Unit filename="../src/basic/alloc-util.c">
			<Option compilerVar="CC" />
		</Unit>
		<Unit filename="../src/basic/alloc-util.h" />
		<Unit filename="../src/basic/audit-util.c">
			<Option compilerVar="CC" />
		</Unit>
		<Unit filename="../src/basic/audit-util.h" />
		<Unit filename="../src/basic/build.h" />
		<Unit filename="../src/basic/bus-label.c">
			<Option compilerVar="CC" />
		</Unit>
		<Unit filename="../src/basic/bus-label.h" />
		<Unit filename="../src/basic/capability-util.c">
			<Option compilerVar="CC" />
		</Unit>
		<Unit filename="../src/basic/capability-util.h" />
		<Unit filename="../src/basic/cgroup-util.c">
			<Option compilerVar="CC" />
		</Unit>
		<Unit filename="../src/basic/cgroup-util.h" />
		<Unit filename="../src/basic/conf-files.c">
			<Option compilerVar="CC" />
		</Unit>
		<Unit filename="../src/basic/conf-files.h" />
		<Unit filename="../src/basic/copy.c">
			<Option compilerVar="CC" />
		</Unit>
		<Unit filename="../src/basic/copy.h" />
		<Unit filename="../src/basic/def.h" />
		<Unit filename="../src/basic/dirent-util.c">
			<Option compilerVar="CC" />
		</Unit>
		<Unit filename="../src/basic/dirent-util.h" />
		<Unit filename="../src/basic/errno-list.c">
			<Option compilerVar="CC" />
		</Unit>
		<Unit filename="../src/basic/errno-list.h" />
		<Unit filename="../src/basic/escape.c">
			<Option compilerVar="CC" />
		</Unit>
		<Unit filename="../src/basic/escape.h" />
		<Unit filename="../src/basic/extract-word.c">
			<Option compilerVar="CC" />
		</Unit>
		<Unit filename="../src/basic/extract-word.h" />
		<Unit filename="../src/basic/fd-util.c">
			<Option compilerVar="CC" />
		</Unit>
		<Unit filename="../src/basic/fd-util.h" />
		<Unit filename="../src/basic/fileio-label.c">
			<Option compilerVar="CC" />
		</Unit>
		<Unit filename="../src/basic/fileio-label.h" />
		<Unit filename="../src/basic/fileio.c">
			<Option compilerVar="CC" />
		</Unit>
		<Unit filename="../src/basic/fileio.h" />
		<Unit filename="../src/basic/formats-util.h" />
		<Unit filename="../src/basic/fs-util.c">
			<Option compilerVar="CC" />
		</Unit>
		<Unit filename="../src/basic/fs-util.h" />
		<Unit filename="../src/basic/gunicode.c">
			<Option compilerVar="CC" />
		</Unit>
		<Unit filename="../src/basic/gunicode.h" />
		<Unit filename="../src/basic/hash-funcs.c">
			<Option compilerVar="CC" />
		</Unit>
		<Unit filename="../src/basic/hash-funcs.h" />
		<Unit filename="../src/basic/hashmap.c">
			<Option compilerVar="CC" />
		</Unit>
		<Unit filename="../src/basic/hashmap.h" />
		<Unit filename="../src/basic/hexdecoct.c">
			<Option compilerVar="CC" />
		</Unit>
		<Unit filename="../src/basic/hexdecoct.h" />
		<Unit filename="../src/basic/hostname-util.c">
			<Option compilerVar="CC" />
		</Unit>
		<Unit filename="../src/basic/hostname-util.h" />
		<Unit filename="../src/basic/io-util.c">
			<Option compilerVar="CC" />
		</Unit>
		<Unit filename="../src/basic/io-util.h" />
		<Unit filename="../src/basic/label.c">
			<Option compilerVar="CC" />
		</Unit>
		<Unit filename="../src/basic/label.h" />
		<Unit filename="../src/basic/list.h" />
		<Unit filename="../src/basic/locale-util.c">
			<Option compilerVar="CC" />
		</Unit>
		<Unit filename="../src/basic/locale-util.h" />
		<Unit filename="../src/basic/log.c">
			<Option compilerVar="CC" />
		</Unit>
		<Unit filename="../src/basic/log.h" />
		<Unit filename="../src/basic/login-util.c">
			<Option compilerVar="CC" />
		</Unit>
		<Unit filename="../src/basic/login-util.h" />
		<Unit filename="../src/basic/macro.h" />
		<Unit filename="../src/basic/memfd-util.c">
			<Option compilerVar="CC" />
		</Unit>
		<Unit filename="../src/basic/memfd-util.h" />
		<Unit filename="../src/basic/mempool.c">
			<Option compilerVar="CC" />
		</Unit>
		<Unit filename="../src/basic/mempool.h" />
		<Unit filename="../src/basic/missing.h" />
		<Unit filename="../src/basic/missing_syscall.h" />
		<Unit filename="../src/basic/mkdir-label.c">
			<Option compilerVar="CC" />
		</Unit>
		<Unit filename="../src/basic/mkdir.c">
			<Option compilerVar="CC" />
		</Unit>
		<Unit filename="../src/basic/mkdir.h" />
		<Unit filename="../src/basic/mount-util.c">
			<Option compilerVar="CC" />
		</Unit>
		<Unit filename="../src/basic/mount-util.h" />
		<Unit filename="../src/basic/parse-printf-format.c">
			<Option compilerVar="CC" />
		</Unit>
		<Unit filename="../src/basic/parse-printf-format.h" />
		<Unit filename="../src/basic/parse-util.c">
			<Option compilerVar="CC" />
		</Unit>
		<Unit filename="../src/basic/parse-util.h" />
		<Unit filename="../src/basic/path-util.c">
			<Option compilerVar="CC" />
		</Unit>
		<Unit filename="../src/basic/path-util.h" />
		<Unit filename="../src/basic/prioq.c">
			<Option compilerVar="CC" />
		</Unit>
		<Unit filename="../src/basic/prioq.h" />
		<Unit filename="../src/basic/proc-cmdline.c">
			<Option compilerVar="CC" />
		</Unit>
		<Unit filename="../src/basic/proc-cmdline.h" />
		<Unit filename="../src/basic/process-util.c">
			<Option compilerVar="CC" />
		</Unit>
		<Unit filename="../src/basic/process-util.h" />
		<Unit filename="../src/basic/random-util.c">
			<Option compilerVar="CC" />
		</Unit>
		<Unit filename="../src/basic/random-util.h" />
		<Unit filename="../src/basic/refcnt.h" />
		<Unit filename="../src/basic/rm-rf.c">
			<Option compilerVar="CC" />
		</Unit>
		<Unit filename="../src/basic/rm-rf.h" />
		<Unit filename="../src/basic/selinux-util.c">
			<Option compilerVar="CC" />
		</Unit>
		<Unit filename="../src/basic/selinux-util.h" />
		<Unit filename="../src/basic/set.h" />
		<Unit filename="../src/basic/signal-util.c">
			<Option compilerVar="CC" />
		</Unit>
		<Unit filename="../src/basic/signal-util.h" />
		<Unit filename="../src/basic/siphash24.c">
			<Option compilerVar="CC" />
		</Unit>
		<Unit filename="../src/basic/siphash24.h" />
		<Unit filename="../src/basic/smack-util.c">
			<Option compilerVar="CC" />
		</Unit>
		<Unit filename="../src/basic/smack-util.h" />
		<Unit filename="../src/basic/socket-util.c">
			<Option compilerVar="CC" />
		</Unit>
		<Unit filename="../src/basic/socket-util.h" />
		<Unit filename="../src/basic/sparse-endian.h" />
		<Unit filename="../src/basic/stat-util.c">
			<Option compilerVar="CC" />
		</Unit>
		<Unit filename="../src/basic/stat-util.h" />
		<Unit filename="../src/basic/stdio-util.h" />
		<Unit filename="../src/basic/string-table.c">
			<Option compilerVar="CC" />
		</Unit>
		<Unit filename="../src/basic/string-table.h" />
		<Unit filename="../src/basic/string-util.c">
			<Option compilerVar="CC" />
		</Unit>
		<Unit filename="../src/basic/string-util.h" />
		<Unit filename="../src/basic/strv.c">
			<Option compilerVar="CC" />
		</Unit>
		<Unit filename="../src/basic/strv.h" />
		<Unit filename="../src/basic/syslog-util.c">
			<Option compilerVar="CC" />
		</Unit>
		<Unit filename="../src/basic/syslog-util.h" />
		<Unit filename="../src/basic/terminal-util.c">
			<Option compilerVar="CC" />
		</Unit>
		<Unit filename="../src/basic/terminal-util.h" />
		<Unit filename="../src/basic/time-util.c">
			<Option compilerVar="CC" />
		</Unit>
		<Unit filename="../src/basic/time-util.h" />
		<Unit filename="../src/basic/umask-util.h" />
		<Unit filename="../src/basic/unaligned.h" />
		<Unit filename="../src/basic/unit-name.c">
			<Option compilerVar="CC" />
		</Unit>
		<Unit filename="../src/basic/unit-name.h" />
		<Unit filename="../src/basic/user-util.c">
			<Option compilerVar="CC" />
		</Unit>
		<Unit filename="../src/basic/user-util.h" />
		<Unit filename="../src/basic/utf8.c">
			<Option compilerVar="CC" />
		</Unit>
		<Unit filename="../src/basic/utf8.h" />
		<Unit filename="../src/basic/util.c">
			<Option compilerVar="CC" />
		</Unit>
		<Unit filename="../src/basic/util.h" />
		<Unit filename="../src/basic/verbs.c">
			<Option compilerVar="CC" />
		</Unit>
		<Unit filename="../src/basic/verbs.h" />
		<Unit filename="../src/basic/virt.c">
			<Option compilerVar="CC" />
		</Unit>
		<Unit filename="../src/basic/virt.h" />
		<Unit filename="../src/basic/xattr-util.c">
			<Option compilerVar="CC" />
		</Unit>
		<Unit filename="../src/basic/xattr-util.h" />
		<Unit filename="../src/cgroups-agent/cgroups-agent.c">
			<Option compilerVar="CC" />
		</Unit>
		<Unit filename="../src/core/cgroup.c">
			<Option compilerVar="CC" />
		</Unit>
		<Unit filename="../src/core/cgroup.h" />
		<Unit filename="../src/core/mount-setup.c">
			<Option compilerVar="CC" />
		</Unit>
		<Unit filename="../src/core/mount-setup.h" />
		<Unit filename="../src/libelogind/libelogind.sym" />
		<Unit filename="../src/libelogind/sd-bus/bus-bloom.c">
			<Option compilerVar="CC" />
		</Unit>
		<Unit filename="../src/libelogind/sd-bus/bus-bloom.h" />
		<Unit filename="../src/libelogind/sd-bus/bus-common-errors.c">
			<Option compilerVar="CC" />
		</Unit>
		<Unit filename="../src/libelogind/sd-bus/bus-common-errors.h" />
		<Unit filename="../src/libelogind/sd-bus/bus-container.c">
			<Option compilerVar="CC" />
		</Unit>
		<Unit filename="../src/libelogind/sd-bus/bus-container.h" />
		<Unit filename="../src/libelogind/sd-bus/bus-control.c">
			<Option compilerVar="CC" />
		</Unit>
		<Unit filename="../src/libelogind/sd-bus/bus-control.h" />
		<Unit filename="../src/libelogind/sd-bus/bus-convenience.c">
			<Option compilerVar="CC" />
		</Unit>
		<Unit filename="../src/libelogind/sd-bus/bus-creds.c">
			<Option compilerVar="CC" />
		</Unit>
		<Unit filename="../src/libelogind/sd-bus/bus-creds.h" />
		<Unit filename="../src/libelogind/sd-bus/bus-error.c">
			<Option compilerVar="CC" />
		</Unit>
		<Unit filename="../src/libelogind/sd-bus/bus-error.h" />
		<Unit filename="../src/libelogind/sd-bus/bus-gvariant.c">
			<Option compilerVar="CC" />
		</Unit>
		<Unit filename="../src/libelogind/sd-bus/bus-gvariant.h" />
		<Unit filename="../src/libelogind/sd-bus/bus-internal.c">
			<Option compilerVar="CC" />
		</Unit>
		<Unit filename="../src/libelogind/sd-bus/bus-internal.h" />
		<Unit filename="../src/libelogind/sd-bus/bus-introspect.c">
			<Option compilerVar="CC" />
		</Unit>
		<Unit filename="../src/libelogind/sd-bus/bus-introspect.h" />
		<Unit filename="../src/libelogind/sd-bus/bus-kernel.c">
			<Option compilerVar="CC" />
		</Unit>
		<Unit filename="../src/libelogind/sd-bus/bus-kernel.h" />
		<Unit filename="../src/libelogind/sd-bus/bus-match.c">
			<Option compilerVar="CC" />
		</Unit>
		<Unit filename="../src/libelogind/sd-bus/bus-match.h" />
		<Unit filename="../src/libelogind/sd-bus/bus-message.c">
			<Option compilerVar="CC" />
		</Unit>
		<Unit filename="../src/libelogind/sd-bus/bus-message.h" />
		<Unit filename="../src/libelogind/sd-bus/bus-objects.c">
			<Option compilerVar="CC" />
		</Unit>
		<Unit filename="../src/libelogind/sd-bus/bus-objects.h" />
		<Unit filename="../src/libelogind/sd-bus/bus-protocol.h" />
		<Unit filename="../src/libelogind/sd-bus/bus-signature.c">
			<Option compilerVar="CC" />
		</Unit>
		<Unit filename="../src/libelogind/sd-bus/bus-signature.h" />
		<Unit filename="../src/libelogind/sd-bus/bus-slot.c">
			<Option compilerVar="CC" />
		</Unit>
		<Unit filename="../src/libelogind/sd-bus/bus-slot.h" />
		<Unit filename="../src/libelogind/sd-bus/bus-socket.c">
			<Option compilerVar="CC" />
		</Unit>
		<Unit filename="../src/libelogind/sd-bus/bus-socket.h" />
		<Unit filename="../src/libelogind/sd-bus/bus-track.c">
			<Option compilerVar="CC" />
		</Unit>
		<Unit filename="../src/libelogind/sd-bus/bus-track.h" />
		<Unit filename="../src/libelogind/sd-bus/bus-type.c">
			<Option compilerVar="CC" />
		</Unit>
		<Unit filename="../src/libelogind/sd-bus/bus-type.h" />
		<Unit filename="../src/libelogind/sd-bus/kdbus.h" />
		<Unit filename="../src/libelogind/sd-bus/sd-bus.c">
			<Option compilerVar="CC" />
		</Unit>
		<Unit filename="../src/libelogind/sd-daemon/sd-daemon.c">
			<Option compilerVar="CC" />
		</Unit>
		<Unit filename="../src/libelogind/sd-event/sd-event.c">
			<Option compilerVar="CC" />
		</Unit>
		<Unit filename="../src/libelogind/sd-id128/id128-util.c">
			<Option compilerVar="CC" />
		</Unit>
		<Unit filename="../src/libelogind/sd-id128/id128-util.h" />
		<Unit filename="../src/libelogind/sd-id128/sd-id128.c">
			<Option compilerVar="CC" />
		</Unit>
		<Unit filename="../src/libelogind/sd-login/sd-login.c">
			<Option compilerVar="CC" />
		</Unit>
		<Unit filename="../src/libelogind/sd-login/test-login.c">
			<Option compilerVar="CC" />
		</Unit>
		<Unit filename="../src/login/eloginctl.c">
			<Option compilerVar="CC" />
		</Unit>
		<Unit filename="../src/login/eloginctl.h" />
		<Unit filename="../src/login/elogind-action.c">
			<Option compilerVar="CC" />
		</Unit>
		<Unit filename="../src/login/elogind-action.h" />
		<Unit filename="../src/login/elogind-dbus.c">
			<Option compilerVar="CC" />
		</Unit>
		<Unit filename="../src/login/elogind-dbus.h" />
		<Unit filename="../src/login/elogind.c">
			<Option compilerVar="CC" />
		</Unit>
		<Unit filename="../src/login/elogind.h" />
		<Unit filename="../src/login/inhibit.c">
			<Option compilerVar="CC" />
		</Unit>
		<Unit filename="../src/login/loginctl.c">
			<Option compilerVar="CC" />
		</Unit>
		<Unit filename="../src/login/logind-acl.c">
			<Option compilerVar="CC" />
		</Unit>
		<Unit filename="../src/login/logind-acl.h" />
		<Unit filename="../src/login/logind-action.c">
			<Option compilerVar="CC" />
		</Unit>
		<Unit filename="../src/login/logind-action.h" />
		<Unit filename="../src/login/logind-button.c">
			<Option compilerVar="CC" />
		</Unit>
		<Unit filename="../src/login/logind-button.h" />
		<Unit filename="../src/login/logind-core.c">
			<Option compilerVar="CC" />
		</Unit>
		<Unit filename="../src/login/logind-dbus.c">
			<Option compilerVar="CC" />
		</Unit>
		<Unit filename="../src/login/logind-device.c">
			<Option compilerVar="CC" />
		</Unit>
		<Unit filename="../src/login/logind-device.h" />
		<Unit filename="../src/login/logind-gperf.c">
			<Option compilerVar="CC" />
		</Unit>
		<Unit filename="../src/login/logind-gperf.gperf" />
		<Unit filename="../src/login/logind-inhibit.c">
			<Option compilerVar="CC" />
		</Unit>
		<Unit filename="../src/login/logind-inhibit.h" />
		<Unit filename="../src/login/logind-seat-dbus.c">
			<Option compilerVar="CC" />
		</Unit>
		<Unit filename="../src/login/logind-seat.c">
			<Option compilerVar="CC" />
		</Unit>
		<Unit filename="../src/login/logind-seat.h" />
		<Unit filename="../src/login/logind-session-dbus.c">
			<Option compilerVar="CC" />
		</Unit>
		<Unit filename="../src/login/logind-session-device.c">
			<Option compilerVar="CC" />
		</Unit>
		<Unit filename="../src/login/logind-session-device.h" />
		<Unit filename="../src/login/logind-session.c">
			<Option compilerVar="CC" />
		</Unit>
		<Unit filename="../src/login/logind-session.h" />
		<Unit filename="../src/login/logind-user-dbus.c">
			<Option compilerVar="CC" />
		</Unit>
		<Unit filename="../src/login/logind-user.c">
			<Option compilerVar="CC" />
		</Unit>
		<Unit filename="../src/login/logind-user.h" />
		<Unit filename="../src/login/logind-utmp.c">
			<Option compilerVar="CC" />
		</Unit>
		<Unit filename="../src/login/logind.c">
			<Option compilerVar="CC" />
		</Unit>
		<Unit filename="../src/login/logind.conf.in" />
		<Unit filename="../src/login/logind.h" />
		<Unit filename="../src/login/pam_elogind.c">
			<Option compilerVar="CC" />
		</Unit>
		<Unit filename="../src/login/sysfs-show.c">
			<Option compilerVar="CC" />
		</Unit>
		<Unit filename="../src/login/sysfs-show.h" />
		<Unit filename="../src/login/test-inhibit.c">
			<Option compilerVar="CC" />
		</Unit>
		<Unit filename="../src/login/test-login-shared.c">
			<Option compilerVar="CC" />
		</Unit>
		<Unit filename="../src/login/test-login-tables.c">
			<Option compilerVar="CC" />
		</Unit>
		<Unit filename="../src/shared/acl-util.c">
			<Option compilerVar="CC" />
		</Unit>
		<Unit filename="../src/shared/acl-util.h" />
		<Unit filename="../src/shared/bus-util.c">
			<Option compilerVar="CC" />
		</Unit>
		<Unit filename="../src/shared/bus-util.h" />
		<Unit filename="../src/shared/clean-ipc.c">
			<Option compilerVar="CC" />
		</Unit>
		<Unit filename="../src/shared/clean-ipc.h" />
		<Unit filename="../src/shared/conf-parser.c">
			<Option compilerVar="CC" />
		</Unit>
		<Unit filename="../src/shared/conf-parser.h" />
		<Unit filename="../src/shared/musl_missing.c">
			<Option compilerVar="CC" />
		</Unit>
		<Unit filename="../src/shared/musl_missing.h" />
		<Unit filename="../src/shared/pager.c">
			<Option compilerVar="CC" />
		</Unit>
		<Unit filename="../src/shared/pager.h" />
		<Unit filename="../src/shared/sleep-config.c">
			<Option compilerVar="CC" />
		</Unit>
		<Unit filename="../src/shared/sleep-config.h" />
		<Unit filename="../src/shared/spawn-polkit-agent.c">
			<Option compilerVar="CC" />
		</Unit>
		<Unit filename="../src/shared/spawn-polkit-agent.h" />
		<Unit filename="../src/shared/test-tables.h" />
		<Unit filename="../src/shared/udev-util.h" />
		<Unit filename="../src/shared/utmp-wtmp.c">
			<Option compilerVar="CC" />
		</Unit>
		<Unit filename="../src/shared/utmp-wtmp.h" />
		<Unit filename="../src/sleep/sleep.c">
			<Option compilerVar="CC" />
		</Unit>
		<Unit filename="../src/sleep/sleep.h" />
		<Unit filename="../src/systemd/_sd-common.h" />
		<Unit filename="../src/systemd/sd-bus-protocol.h" />
		<Unit filename="../src/systemd/sd-bus-vtable.h" />
		<Unit filename="../src/systemd/sd-bus.h" />
		<Unit filename="../src/systemd/sd-daemon.h" />
		<Unit filename="../src/systemd/sd-event.h" />
		<Unit filename="../src/systemd/sd-id128.h" />
		<Unit filename="../src/systemd/sd-login.h" />
		<Unit filename="../src/systemd/sd-messages.h" />
		<Unit filename="../src/update-utmp/update-utmp.c">
			<Option compilerVar="CC" />
		</Unit>
		<Unit filename="../src/update-utmp/update-utmp.h" />
		<Extensions>
			<envvars />
			<code_completion />
			<debugger />
			<lib_finder disable_auto="1" />
			<editor_config active="1" use_tabs="0" tab_indents="0" tab_width="8" indent="8" eol_mode="2" />
		</Extensions>
	</Project>
</CodeBlocks_project_file>
