<?xml version="1.0" encoding="UTF-8" standalone="yes" ?>
<CodeBlocks_project_file>
	<FileVersion major="1" minor="6" />
	<Project>
		<Option title="elogind" />
		<Option makefile_is_custom="1" />
		<Option execution_dir="../../elogind" />
		<Option pch_mode="2" />
		<Option compiler="gcc" />
		<Build>
			<Target title="all">
				<Option output="../.libs/libelogind" prefix_auto="1" extension_auto="1" />
				<Option object_output="./" />
				<Option type="1" />
				<Option compiler="gcc" />
				<Compiler>
					<Add option="-g" />
				</Compiler>
			</Target>
			<Target title="clean">
				<Option output="../.libs/libelogind" prefix_auto="1" extension_auto="1" />
				<Option object_output="./" />
				<Option type="1" />
				<Option compiler="gcc" />
				<Compiler>
					<Add option="-O2" />
				</Compiler>
				<Linker>
					<Add option="-s" />
				</Linker>
			</Target>
			<Target title="test">
				<Option output="../build/test-login" prefix_auto="1" extension_auto="1" />
				<Option working_dir="../../elogind" />
				<Option type="1" />
				<Option compiler="gcc" />
				<Option parameters="-m" />
			</Target>
			<Target title="test-login">
				<Option output="../build/test-login" prefix_auto="1" extension_auto="1" />
				<Option working_dir="../../elogind" />
				<Option type="1" />
				<Option compiler="gcc" />
				<Option parameters="-m" />
			</Target>
			<Target title="loginctl">
				<Option output="../build/loginctl" prefix_auto="1" extension_auto="1" />
				<Option working_dir="../../elogind" />
				<Option type="1" />
				<Option compiler="gcc" />
				<Option parameters="enable-linger sed" />
			</Target>
		</Build>
		<Compiler>
			<Add option="-Wall" />
		</Compiler>
		<Unit filename="../Makefile" />
		<Unit filename="../build/config.h" />
		<Unit filename="../man/busctl.xml" />
		<Unit filename="../man/custom-entities.ent.in" />
		<Unit filename="../man/custom-html.xsl" />
		<Unit filename="../man/custom-man.xsl" />
		<Unit filename="../man/elogind-inhibit.xml" />
		<Unit filename="../man/elogind.journal-fields.xml" />
		<Unit filename="../man/elogind.syntax.xml" />
		<Unit filename="../man/elogind.time.xml" />
		<Unit filename="../man/elogind.xml" />
		<Unit filename="../man/glib-event-glue.c">
			<Option compilerVar="CC" />
		</Unit>
		<Unit filename="../man/less-variables.xml" />
		<Unit filename="../man/libelogind-pkgconfig.xml" />
		<Unit filename="../man/loginctl.xml" />
		<Unit filename="../man/logind.conf.xml" />
		<Unit filename="../man/meson.build" />
		<Unit filename="../man/pam_elogind.xml" />
		<Unit filename="../man/sd-bus.xml" />
		<Unit filename="../man/sd-event.xml" />
		<Unit filename="../man/sd-login.xml" />
		<Unit filename="../man/sd_booted.xml" />
		<Unit filename="../man/sd_bus_add_match.xml" />
		<Unit filename="../man/sd_bus_attach_event.xml" />
		<Unit filename="../man/sd_bus_close.xml" />
		<Unit filename="../man/sd_bus_creds_get_pid.xml" />
		<Unit filename="../man/sd_bus_creds_get_pid.xml.bak" />
		<Unit filename="../man/sd_bus_creds_new_from_pid.xml" />
		<Unit filename="../man/sd_bus_default.xml" />
		<Unit filename="../man/sd_bus_error.xml" />
		<Unit filename="../man/sd_bus_error_add_map.xml" />
		<Unit filename="../man/sd_bus_get_fd.xml" />
		<Unit filename="../man/sd_bus_get_n_queued_read.xml" />
		<Unit filename="../man/sd_bus_is_open.xml" />
		<Unit filename="../man/sd_bus_message_append.xml" />
		<Unit filename="../man/sd_bus_message_append_array.xml" />
		<Unit filename="../man/sd_bus_message_append_basic.xml" />
		<Unit filename="../man/sd_bus_message_append_string_memfd.xml" />
		<Unit filename="../man/sd_bus_message_append_strv.xml" />
		<Unit filename="../man/sd_bus_message_copy.xml" />
		<Unit filename="../man/sd_bus_message_get_cookie.xml" />
		<Unit filename="../man/sd_bus_message_get_monotonic_usec.xml" />
		<Unit filename="../man/sd_bus_message_get_signature.xml" />
		<Unit filename="../man/sd_bus_message_get_type.xml" />
		<Unit filename="../man/sd_bus_message_new.xml" />
		<Unit filename="../man/sd_bus_message_new_method_call.xml" />
		<Unit filename="../man/sd_bus_message_new_method_error.xml" />
		<Unit filename="../man/sd_bus_message_new_signal.xml" />
		<Unit filename="../man/sd_bus_message_read.xml" />
		<Unit filename="../man/sd_bus_message_read_array.xml" />
		<Unit filename="../man/sd_bus_message_read_basic.xml" />
		<Unit filename="../man/sd_bus_message_rewind.xml" />
		<Unit filename="../man/sd_bus_message_set_destination.xml" />
		<Unit filename="../man/sd_bus_message_set_expect_reply.xml" />
		<Unit filename="../man/sd_bus_message_skip.xml" />
		<Unit filename="../man/sd_bus_message_verify_type.xml" />
		<Unit filename="../man/sd_bus_negotiate_fds.xml" />
		<Unit filename="../man/sd_bus_new.xml" />
		<Unit filename="../man/sd_bus_path_encode.xml" />
		<Unit filename="../man/sd_bus_process.xml" />
		<Unit filename="../man/sd_bus_reply_method_error.xml" />
		<Unit filename="../man/sd_bus_request_name.xml" />
		<Unit filename="../man/sd_bus_set_close_on_exit.xml" />
		<Unit filename="../man/sd_bus_set_connected_signal.xml" />
		<Unit filename="../man/sd_bus_set_description.xml" />
		<Unit filename="../man/sd_bus_set_sender.xml" />
		<Unit filename="../man/sd_bus_set_watch_bind.xml" />
		<Unit filename="../man/sd_bus_slot_ref.xml" />
		<Unit filename="../man/sd_bus_slot_set_description.xml" />
		<Unit filename="../man/sd_bus_slot_set_destroy_callback.xml" />
		<Unit filename="../man/sd_bus_slot_set_floating.xml" />
		<Unit filename="../man/sd_bus_slot_set_userdata.xml" />
		<Unit filename="../man/sd_bus_track_add_name.xml" />
		<Unit filename="../man/sd_bus_track_new.xml" />
		<Unit filename="../man/sd_bus_wait.xml" />
		<Unit filename="../man/sd_event_add_child.xml" />
		<Unit filename="../man/sd_event_add_defer.xml" />
		<Unit filename="../man/sd_event_add_inotify.xml" />
		<Unit filename="../man/sd_event_add_io.xml" />
		<Unit filename="../man/sd_event_add_signal.xml" />
		<Unit filename="../man/sd_event_add_time.xml" />
		<Unit filename="../man/sd_event_exit.xml" />
		<Unit filename="../man/sd_event_get_fd.xml" />
		<Unit filename="../man/sd_event_new.xml" />
		<Unit filename="../man/sd_event_now.xml" />
		<Unit filename="../man/sd_event_run.xml" />
		<Unit filename="../man/sd_event_set_watchdog.xml" />
		<Unit filename="../man/sd_event_source_get_event.xml" />
		<Unit filename="../man/sd_event_source_get_pending.xml" />
		<Unit filename="../man/sd_event_source_set_description.xml" />
		<Unit filename="../man/sd_event_source_set_destroy_callback.xml" />
		<Unit filename="../man/sd_event_source_set_enabled.xml" />
		<Unit filename="../man/sd_event_source_set_prepare.xml" />
		<Unit filename="../man/sd_event_source_set_priority.xml" />
		<Unit filename="../man/sd_event_source_set_userdata.xml" />
		<Unit filename="../man/sd_event_source_unref.xml" />
		<Unit filename="../man/sd_event_wait.xml" />
		<Unit filename="../man/sd_get_seats.xml" />
		<Unit filename="../man/sd_id128_get_machine.xml" />
		<Unit filename="../man/sd_id128_randomize.xml" />
		<Unit filename="../man/sd_id128_to_string.xml" />
		<Unit filename="../man/sd_is_fifo.xml" />
		<Unit filename="../man/sd_journal_add_match.xml" />
		<Unit filename="../man/sd_journal_enumerate_fields.xml" />
		<Unit filename="../man/sd_journal_get_catalog.xml" />
		<Unit filename="../man/sd_journal_get_cursor.xml" />
		<Unit filename="../man/sd_journal_get_cutoff_realtime_usec.xml" />
		<Unit filename="../man/sd_journal_get_data.xml" />
		<Unit filename="../man/sd_journal_get_fd.xml" />
		<Unit filename="../man/sd_journal_get_realtime_usec.xml" />
		<Unit filename="../man/sd_journal_get_usage.xml" />
		<Unit filename="../man/sd_journal_has_runtime_files.xml" />
		<Unit filename="../man/sd_journal_next.xml" />
		<Unit filename="../man/sd_journal_open.xml" />
		<Unit filename="../man/sd_journal_print.xml" />
		<Unit filename="../man/sd_journal_query_unique.xml" />
		<Unit filename="../man/sd_journal_seek_head.xml" />
		<Unit filename="../man/sd_journal_stream_fd.xml" />
		<Unit filename="../man/sd_listen_fds.xml" />
		<Unit filename="../man/sd_login_monitor_new.xml" />
		<Unit filename="../man/sd_machine_get_class.xml" />
		<Unit filename="../man/sd_notify.xml" />
		<Unit filename="../man/sd_pid_get_owner_uid.xml" />
		<Unit filename="../man/sd_seat_get_active.xml" />
		<Unit filename="../man/sd_session_is_active.xml" />
		<Unit filename="../man/sd_uid_get_state.xml" />
		<Unit filename="../man/sd_watchdog_enabled.xml" />
		<Unit filename="../man/standard-options.xml" />
		<Unit filename="../man/user-system-options.xml" />
		<Unit filename="../meson.build">
			<Option target="all" />
			<Option target="clean" />
		</Unit>
		<Unit filename="../meson_options.txt">
			<Option target="all" />
			<Option target="clean" />
		</Unit>
		<Unit filename="../src/basic/MurmurHash2.c">
			<Option compilerVar="CC" />
		</Unit>
		<Unit filename="../src/basic/MurmurHash2.h" />
		<Unit filename="../src/basic/alloc-util.c">
			<Option compilerVar="CC" />
		</Unit>
		<Unit filename="../src/basic/alloc-util.h" />
		<Unit filename="../src/basic/audit-util.c">
			<Option compilerVar="CC" />
		</Unit>
		<Unit filename="../src/basic/audit-util.h" />
		<Unit filename="../src/basic/build.h" />
		<Unit filename="../src/basic/bus-label.c">
			<Option compilerVar="CC" />
		</Unit>
		<Unit filename="../src/basic/bus-label.h" />
		<Unit filename="../src/basic/cap-list.c">
			<Option compilerVar="CC" />
		</Unit>
		<Unit filename="../src/basic/cap-list.h" />
		<Unit filename="../src/basic/cap-to-name.awk" />
		<Unit filename="../src/basic/capability-util.c">
			<Option compilerVar="CC" />
		</Unit>
		<Unit filename="../src/basic/capability-util.h" />
		<Unit filename="../src/basic/cgroup-util.c">
			<Option compilerVar="CC" />
		</Unit>
		<Unit filename="../src/basic/cgroup-util.h" />
		<Unit filename="../src/basic/chattr-util.c">
			<Option compilerVar="CC" />
		</Unit>
		<Unit filename="../src/basic/chattr-util.h" />
		<Unit filename="../src/basic/conf-files.c">
			<Option compilerVar="CC" />
		</Unit>
		<Unit filename="../src/basic/conf-files.h" />
		<Unit filename="../src/basic/copy.c">
			<Option compilerVar="CC" />
		</Unit>
		<Unit filename="../src/basic/copy.h" />
		<Unit filename="../src/basic/def.h" />
		<Unit filename="../src/basic/dirent-util.c">
			<Option compilerVar="CC" />
		</Unit>
		<Unit filename="../src/basic/dirent-util.h" />
		<Unit filename="../src/basic/env-file.c">
			<Option compilerVar="CC" />
		</Unit>
		<Unit filename="../src/basic/env-file.h" />
		<Unit filename="../src/basic/env-util.c">
			<Option compilerVar="CC" />
		</Unit>
		<Unit filename="../src/basic/env-util.h" />
		<Unit filename="../src/basic/errno-list.c">
			<Option compilerVar="CC" />
		</Unit>
		<Unit filename="../src/basic/errno-list.h" />
		<Unit filename="../src/basic/errno-to-name.awk" />
		<Unit filename="../src/basic/errno-util.h" />
		<Unit filename="../src/basic/escape.c">
			<Option compilerVar="CC" />
		</Unit>
		<Unit filename="../src/basic/escape.h" />
		<Unit filename="../src/basic/extract-word.c">
			<Option compilerVar="CC" />
		</Unit>
		<Unit filename="../src/basic/extract-word.h" />
		<Unit filename="../src/basic/fd-util.c">
			<Option compilerVar="CC" />
		</Unit>
		<Unit filename="../src/basic/fd-util.h" />
		<Unit filename="../src/basic/fileio.c">
			<Option compilerVar="CC" />
		</Unit>
		<Unit filename="../src/basic/fileio.h" />
		<Unit filename="../src/basic/format-util.c">
			<Option compilerVar="CC" />
		</Unit>
		<Unit filename="../src/basic/format-util.h" />
		<Unit filename="../src/basic/fs-util.c">
			<Option compilerVar="CC" />
		</Unit>
		<Unit filename="../src/basic/fs-util.h" />
		<Unit filename="../src/basic/generate-cap-list.sh" />
		<Unit filename="../src/basic/generate-errno-list.sh" />
		<Unit filename="../src/basic/gunicode.c">
			<Option compilerVar="CC" />
		</Unit>
		<Unit filename="../src/basic/gunicode.h" />
		<Unit filename="../src/basic/hash-funcs.c">
			<Option compilerVar="CC" />
		</Unit>
		<Unit filename="../src/basic/hash-funcs.h" />
		<Unit filename="../src/basic/hashmap.c">
			<Option compilerVar="CC" />
		</Unit>
		<Unit filename="../src/basic/hashmap.h" />
		<Unit filename="../src/basic/hexdecoct.c">
			<Option compilerVar="CC" />
		</Unit>
		<Unit filename="../src/basic/hexdecoct.h" />
		<Unit filename="../src/basic/hostname-util.c">
			<Option compilerVar="CC" />
		</Unit>
		<Unit filename="../src/basic/hostname-util.h" />
		<Unit filename="../src/basic/io-util.c">
			<Option compilerVar="CC" />
		</Unit>
		<Unit filename="../src/basic/io-util.h" />
		<Unit filename="../src/basic/kbd-util.c">
			<Option compilerVar="CC" />
		</Unit>
		<Unit filename="../src/basic/khash.c">
			<Option compilerVar="CC" />
		</Unit>
		<Unit filename="../src/basic/khash.h" />
		<Unit filename="../src/basic/label.c">
			<Option compilerVar="CC" />
		</Unit>
		<Unit filename="../src/basic/label.h" />
		<Unit filename="../src/basic/limits-util.c">
			<Option compilerVar="CC" />
		</Unit>
		<Unit filename="../src/basic/limits-util.h" />
		<Unit filename="../src/basic/list.h" />
		<Unit filename="../src/basic/locale-util.c">
			<Option compilerVar="CC" />
		</Unit>
		<Unit filename="../src/basic/locale-util.h" />
		<Unit filename="../src/basic/log.c">
			<Option compilerVar="CC" />
		</Unit>
		<Unit filename="../src/basic/log.h" />
		<Unit filename="../src/basic/login-util.c">
			<Option compilerVar="CC" />
		</Unit>
		<Unit filename="../src/basic/login-util.h" />
		<Unit filename="../src/basic/macro.h" />
		<Unit filename="../src/basic/memfd-util.c">
			<Option compilerVar="CC" />
		</Unit>
		<Unit filename="../src/basic/memfd-util.h" />
		<Unit filename="../src/basic/memory-util.c">
			<Option compilerVar="CC" />
		</Unit>
		<Unit filename="../src/basic/memory-util.h" />
		<Unit filename="../src/basic/mempool.c">
			<Option compilerVar="CC" />
		</Unit>
		<Unit filename="../src/basic/mempool.h" />
		<Unit filename="../src/basic/meson.build" />
		<Unit filename="../src/basic/missing.h" />
		<Unit filename="../src/basic/missing_audit.h" />
		<Unit filename="../src/basic/missing_capability.h" />
		<Unit filename="../src/basic/missing_drm.h" />
		<Unit filename="../src/basic/missing_ethtool.h" />
		<Unit filename="../src/basic/missing_fcntl.h" />
		<Unit filename="../src/basic/missing_fib_rules.h" />
		<Unit filename="../src/basic/missing_fs.h" />
		<Unit filename="../src/basic/missing_if_bridge.h" />
		<Unit filename="../src/basic/missing_if_link.h" />
		<Unit filename="../src/basic/missing_if_tunnel.h" />
		<Unit filename="../src/basic/missing_input.h" />
		<Unit filename="../src/basic/missing_keyctl.h" />
		<Unit filename="../src/basic/missing_magic.h" />
		<Unit filename="../src/basic/missing_mman.h" />
		<Unit filename="../src/basic/missing_network.h" />
		<Unit filename="../src/basic/missing_prctl.h" />
		<Unit filename="../src/basic/missing_random.h" />
		<Unit filename="../src/basic/missing_resource.h" />
		<Unit filename="../src/basic/missing_sched.h" />
		<Unit filename="../src/basic/missing_securebits.h" />
		<Unit filename="../src/basic/missing_socket.h" />
		<Unit filename="../src/basic/missing_stat.h" />
		<Unit filename="../src/basic/missing_stdlib.h" />
		<Unit filename="../src/basic/missing_syscall.h" />
		<Unit filename="../src/basic/missing_timerfd.h" />
		<Unit filename="../src/basic/missing_type.h" />
		<Unit filename="../src/basic/mkdir-label.c">
			<Option compilerVar="CC" />
		</Unit>
		<Unit filename="../src/basic/mkdir.c">
			<Option compilerVar="CC" />
		</Unit>
		<Unit filename="../src/basic/mkdir.h" />
		<Unit filename="../src/basic/mountpoint-util.c">
			<Option compilerVar="CC" />
		</Unit>
		<Unit filename="../src/basic/mountpoint-util.h" />
		<Unit filename="../src/basic/namespace-util.c">
			<Option compilerVar="CC" />
		</Unit>
		<Unit filename="../src/basic/namespace-util.h" />
		<Unit filename="../src/basic/nulstr-util.c">
			<Option compilerVar="CC" />
		</Unit>
		<Unit filename="../src/basic/nulstr-util.h" />
		<Unit filename="../src/basic/parse-printf-format.c">
			<Option compilerVar="CC" />
		</Unit>
		<Unit filename="../src/basic/parse-printf-format.h" />
		<Unit filename="../src/basic/parse-util.c">
			<Option compilerVar="CC" />
		</Unit>
		<Unit filename="../src/basic/parse-util.h" />
		<Unit filename="../src/basic/path-util.c">
			<Option compilerVar="CC" />
		</Unit>
		<Unit filename="../src/basic/path-util.h" />
		<Unit filename="../src/basic/prioq.c">
			<Option compilerVar="CC" />
		</Unit>
		<Unit filename="../src/basic/prioq.h" />
		<Unit filename="../src/basic/proc-cmdline.c">
			<Option compilerVar="CC" />
		</Unit>
		<Unit filename="../src/basic/proc-cmdline.h" />
		<Unit filename="../src/basic/process-util.c">
			<Option compilerVar="CC" />
		</Unit>
		<Unit filename="../src/basic/process-util.h" />
		<Unit filename="../src/basic/procfs-util.c">
			<Option compilerVar="CC" />
		</Unit>
		<Unit filename="../src/basic/procfs-util.h" />
		<Unit filename="../src/basic/random-util.c">
			<Option compilerVar="CC" />
		</Unit>
		<Unit filename="../src/basic/random-util.h" />
		<Unit filename="../src/basic/raw-clone.h" />
		<Unit filename="../src/basic/refcnt.h" />
		<Unit filename="../src/basic/rlimit-util.c">
			<Option compilerVar="CC" />
		</Unit>
		<Unit filename="../src/basic/rlimit-util.h" />
		<Unit filename="../src/basic/rm-rf.c">
			<Option compilerVar="CC" />
		</Unit>
		<Unit filename="../src/basic/rm-rf.h" />
		<Unit filename="../src/basic/selinux-util.c">
			<Option compilerVar="CC" />
		</Unit>
		<Unit filename="../src/basic/selinux-util.h" />
		<Unit filename="../src/basic/set.h" />
		<Unit filename="../src/basic/sigbus.c">
			<Option compilerVar="CC" />
		</Unit>
		<Unit filename="../src/basic/sigbus.h" />
		<Unit filename="../src/basic/signal-util.c">
			<Option compilerVar="CC" />
		</Unit>
		<Unit filename="../src/basic/signal-util.h" />
		<Unit filename="../src/basic/siphash24.c">
			<Option compilerVar="CC" />
		</Unit>
		<Unit filename="../src/basic/siphash24.h" />
		<Unit filename="../src/basic/smack-util.c">
			<Option compilerVar="CC" />
		</Unit>
		<Unit filename="../src/basic/smack-util.h" />
		<Unit filename="../src/basic/socket-util.c">
			<Option compilerVar="CC" />
		</Unit>
		<Unit filename="../src/basic/socket-util.h" />
		<Unit filename="../src/basic/sort-util.h" />
		<Unit filename="../src/basic/sparse-endian.h" />
		<Unit filename="../src/basic/special.h" />
		<Unit filename="../src/basic/stat-util.c">
			<Option compilerVar="CC" />
		</Unit>
		<Unit filename="../src/basic/stat-util.h" />
		<Unit filename="../src/basic/static-destruct.h" />
		<Unit filename="../src/basic/stdio-util.h" />
		<Unit filename="../src/basic/string-table.c">
			<Option compilerVar="CC" />
		</Unit>
		<Unit filename="../src/basic/string-table.h" />
		<Unit filename="../src/basic/string-util.c">
			<Option compilerVar="CC" />
		</Unit>
		<Unit filename="../src/basic/string-util.h" />
		<Unit filename="../src/basic/strv.c">
			<Option compilerVar="CC" />
		</Unit>
		<Unit filename="../src/basic/strv.h" />
		<Unit filename="../src/basic/strxcpyx.c">
			<Option compilerVar="CC" />
		</Unit>
		<Unit filename="../src/basic/strxcpyx.h" />
		<Unit filename="../src/basic/syslog-util.c">
			<Option compilerVar="CC" />
		</Unit>
		<Unit filename="../src/basic/syslog-util.h" />
		<Unit filename="../src/basic/terminal-util.c">
			<Option compilerVar="CC" />
		</Unit>
		<Unit filename="../src/basic/terminal-util.h" />
		<Unit filename="../src/basic/time-util.c">
			<Option compilerVar="CC" />
		</Unit>
		<Unit filename="../src/basic/time-util.h" />
		<Unit filename="../src/basic/tmpfile-util.c">
			<Option compilerVar="CC" />
		</Unit>
		<Unit filename="../src/basic/tmpfile-util.h" />
		<Unit filename="../src/basic/umask-util.h" />
		<Unit filename="../src/basic/unaligned.h" />
		<Unit filename="../src/basic/unit-def.c">
			<Option compilerVar="CC" />
		</Unit>
		<Unit filename="../src/basic/unit-def.h" />
		<Unit filename="../src/basic/unit-name.c">
			<Option compilerVar="CC" />
		</Unit>
		<Unit filename="../src/basic/unit-name.h" />
		<Unit filename="../src/basic/user-util.c">
			<Option compilerVar="CC" />
		</Unit>
		<Unit filename="../src/basic/user-util.h" />
		<Unit filename="../src/basic/utf8.c">
			<Option compilerVar="CC" />
		</Unit>
		<Unit filename="../src/basic/utf8.h" />
		<Unit filename="../src/basic/util.c">
			<Option compilerVar="CC" />
		</Unit>
		<Unit filename="../src/basic/util.h" />
		<Unit filename="../src/basic/virt.c">
			<Option compilerVar="CC" />
		</Unit>
		<Unit filename="../src/basic/virt.h" />
		<Unit filename="../src/basic/xattr-util.c">
			<Option compilerVar="CC" />
		</Unit>
		<Unit filename="../src/basic/xattr-util.h" />
		<Unit filename="../src/boot/efi/loader-features.h" />
		<Unit filename="../src/busctl/busctl-introspect.c">
			<Option compilerVar="CC" />
		</Unit>
		<Unit filename="../src/busctl/busctl-introspect.h" />
		<Unit filename="../src/busctl/busctl.c">
			<Option compilerVar="CC" />
		</Unit>
		<Unit filename="../src/cgroups-agent/cgroups-agent.c">
			<Option compilerVar="CC" />
		</Unit>
		<Unit filename="../src/core/cgroup.c">
			<Option compilerVar="CC" />
		</Unit>
		<Unit filename="../src/core/cgroup.h" />
		<Unit filename="../src/core/meson.build" />
		<Unit filename="../src/core/mount-setup.c">
			<Option compilerVar="CC" />
		</Unit>
		<Unit filename="../src/core/mount-setup.h" />
		<Unit filename="../src/journal/journal-def.h" />
		<Unit filename="../src/journal/journal-file.h" />
		<Unit filename="../src/journal/journal-internal.h" />
		<Unit filename="../src/journal/journal-send.c">
			<Option compilerVar="CC" />
		</Unit>
		<Unit filename="../src/journal/meson.build" />
		<Unit filename="../src/journal/mmap-cache.c">
			<Option compilerVar="CC" />
		</Unit>
		<Unit filename="../src/journal/mmap-cache.h" />
		<Unit filename="../src/journal/sd-journal.c">
			<Option compilerVar="CC" />
		</Unit>
		<Unit filename="../src/libelogind/disable-mempool.c">
			<Option compilerVar="CC" />
		</Unit>
		<Unit filename="../src/libelogind/libelogind.pc.in" />
		<Unit filename="../src/libelogind/libelogind.sym" />
		<Unit filename="../src/libelogind/meson.build" />
		<Unit filename="../src/libelogind/sd-bus/GVARIANT-SERIALIZATION" />
		<Unit filename="../src/libelogind/sd-bus/bus-common-errors.c">
			<Option compilerVar="CC" />
		</Unit>
		<Unit filename="../src/libelogind/sd-bus/bus-common-errors.h" />
		<Unit filename="../src/libelogind/sd-bus/bus-container.c">
			<Option compilerVar="CC" />
		</Unit>
		<Unit filename="../src/libelogind/sd-bus/bus-container.h" />
		<Unit filename="../src/libelogind/sd-bus/bus-control.c">
			<Option compilerVar="CC" />
		</Unit>
		<Unit filename="../src/libelogind/sd-bus/bus-control.h" />
		<Unit filename="../src/libelogind/sd-bus/bus-convenience.c">
			<Option compilerVar="CC" />
		</Unit>
		<Unit filename="../src/libelogind/sd-bus/bus-creds.c">
			<Option compilerVar="CC" />
		</Unit>
		<Unit filename="../src/libelogind/sd-bus/bus-creds.h" />
		<Unit filename="../src/libelogind/sd-bus/bus-dump.c">
			<Option compilerVar="CC" />
		</Unit>
		<Unit filename="../src/libelogind/sd-bus/bus-dump.h" />
		<Unit filename="../src/libelogind/sd-bus/bus-error.c">
			<Option compilerVar="CC" />
		</Unit>
		<Unit filename="../src/libelogind/sd-bus/bus-error.h" />
		<Unit filename="../src/libelogind/sd-bus/bus-gvariant.c">
			<Option compilerVar="CC" />
		</Unit>
		<Unit filename="../src/libelogind/sd-bus/bus-gvariant.h" />
		<Unit filename="../src/libelogind/sd-bus/bus-internal.c">
			<Option compilerVar="CC" />
		</Unit>
		<Unit filename="../src/libelogind/sd-bus/bus-internal.h" />
		<Unit filename="../src/libelogind/sd-bus/bus-introspect.c">
			<Option compilerVar="CC" />
		</Unit>
		<Unit filename="../src/libelogind/sd-bus/bus-introspect.h" />
		<Unit filename="../src/libelogind/sd-bus/bus-kernel.c">
			<Option compilerVar="CC" />
		</Unit>
		<Unit filename="../src/libelogind/sd-bus/bus-kernel.h" />
		<Unit filename="../src/libelogind/sd-bus/bus-match.c">
			<Option compilerVar="CC" />
		</Unit>
		<Unit filename="../src/libelogind/sd-bus/bus-match.h" />
		<Unit filename="../src/libelogind/sd-bus/bus-message.c">
			<Option compilerVar="CC" />
		</Unit>
		<Unit filename="../src/libelogind/sd-bus/bus-message.h" />
		<Unit filename="../src/libelogind/sd-bus/bus-objects.c">
			<Option compilerVar="CC" />
		</Unit>
		<Unit filename="../src/libelogind/sd-bus/bus-objects.h" />
		<Unit filename="../src/libelogind/sd-bus/bus-protocol.h" />
		<Unit filename="../src/libelogind/sd-bus/bus-signature.c">
			<Option compilerVar="CC" />
		</Unit>
		<Unit filename="../src/libelogind/sd-bus/bus-signature.h" />
		<Unit filename="../src/libelogind/sd-bus/bus-slot.c">
			<Option compilerVar="CC" />
		</Unit>
		<Unit filename="../src/libelogind/sd-bus/bus-slot.h" />
		<Unit filename="../src/libelogind/sd-bus/bus-socket.c">
			<Option compilerVar="CC" />
		</Unit>
		<Unit filename="../src/libelogind/sd-bus/bus-socket.h" />
		<Unit filename="../src/libelogind/sd-bus/bus-track.c">
			<Option compilerVar="CC" />
		</Unit>
		<Unit filename="../src/libelogind/sd-bus/bus-track.h" />
		<Unit filename="../src/libelogind/sd-bus/bus-type.c">
			<Option compilerVar="CC" />
		</Unit>
		<Unit filename="../src/libelogind/sd-bus/bus-type.h" />
		<Unit filename="../src/libelogind/sd-bus/sd-bus.c">
			<Option compilerVar="CC" />
		</Unit>
		<Unit filename="../src/libelogind/sd-bus/test-bus-address.c">
			<Option compilerVar="CC" />
		</Unit>
		<Unit filename="../src/libelogind/sd-bus/test-bus-error.c">
			<Option compilerVar="CC" />
		</Unit>
		<Unit filename="../src/libelogind/sd-bus/test-bus-introspect.c">
			<Option compilerVar="CC" />
		</Unit>
		<Unit filename="../src/libelogind/sd-bus/test-bus-match.c">
			<Option compilerVar="CC" />
		</Unit>
		<Unit filename="../src/libelogind/sd-bus/test-bus-queue-ref-cycle.c">
			<Option compilerVar="CC" />
		</Unit>
		<Unit filename="../src/libelogind/sd-bus/test-bus-server.c">
			<Option compilerVar="CC" />
		</Unit>
		<Unit filename="../src/libelogind/sd-bus/test-bus-signature.c">
			<Option compilerVar="CC" />
		</Unit>
		<Unit filename="../src/libelogind/sd-bus/test-bus-vtable.c">
			<Option compilerVar="CC" />
		</Unit>
		<Unit filename="../src/libelogind/sd-bus/test-vtable-data.h" />
		<Unit filename="../src/libelogind/sd-daemon/sd-daemon.c">
			<Option compilerVar="CC" />
		</Unit>
		<Unit filename="../src/libelogind/sd-device/device-enumerator-private.h" />
		<Unit filename="../src/libelogind/sd-device/device-enumerator.c">
			<Option compilerVar="CC" />
		</Unit>
		<Unit filename="../src/libelogind/sd-device/device-internal.h" />
		<Unit filename="../src/libelogind/sd-device/device-monitor-private.h" />
		<Unit filename="../src/libelogind/sd-device/device-monitor.c">
			<Option compilerVar="CC" />
		</Unit>
		<Unit filename="../src/libelogind/sd-device/device-private.c">
			<Option compilerVar="CC" />
		</Unit>
		<Unit filename="../src/libelogind/sd-device/device-private.h" />
		<Unit filename="../src/libelogind/sd-device/device-util.h" />
		<Unit filename="../src/libelogind/sd-device/sd-device.c">
			<Option compilerVar="CC" />
		</Unit>
		<Unit filename="../src/libelogind/sd-device/test-sd-device-monitor.c">
			<Option compilerVar="CC" />
		</Unit>
		<Unit filename="../src/libelogind/sd-device/test-sd-device-thread.c">
			<Option compilerVar="CC" />
		</Unit>
		<Unit filename="../src/libelogind/sd-device/test-sd-device.c">
			<Option compilerVar="CC" />
		</Unit>
		<Unit filename="../src/libelogind/sd-event/event-source.h" />
		<Unit filename="../src/libelogind/sd-event/sd-event.c">
			<Option compilerVar="CC" />
		</Unit>
		<Unit filename="../src/libelogind/sd-event/test-event.c">
			<Option compilerVar="CC" />
		</Unit>
		<Unit filename="../src/libelogind/sd-hwdb/hwdb-internal.h" />
		<Unit filename="../src/libelogind/sd-hwdb/sd-hwdb.c">
			<Option compilerVar="CC" />
		</Unit>
		<Unit filename="../src/libelogind/sd-id128/id128-util.c">
			<Option compilerVar="CC" />
		</Unit>
		<Unit filename="../src/libelogind/sd-id128/id128-util.h" />
		<Unit filename="../src/libelogind/sd-id128/sd-id128.c">
			<Option compilerVar="CC" />
		</Unit>
		<Unit filename="../src/libelogind/sd-login/sd-login.c">
			<Option compilerVar="CC" />
		</Unit>
		<Unit filename="../src/libelogind/sd-login/test-login.c">
			<Option compilerVar="CC" />
		</Unit>
		<Unit filename="../src/login/70-power-switch.rules" />
		<Unit filename="../src/login/70-uaccess.rules.m4" />
		<Unit filename="../src/login/71-seat.rules.in" />
		<Unit filename="../src/login/73-seat-late.rules.in" />
		<Unit filename="../src/login/eloginctl.c">
			<Option compilerVar="CC" />
		</Unit>
		<Unit filename="../src/login/eloginctl.h" />
		<Unit filename="../src/login/elogind-dbus.c">
			<Option compilerVar="CC" />
		</Unit>
		<Unit filename="../src/login/elogind-dbus.h" />
		<Unit filename="../src/login/elogind-user.m4" />
		<Unit filename="../src/login/elogind.c">
			<Option compilerVar="CC" />
		</Unit>
		<Unit filename="../src/login/elogind.h" />
		<Unit filename="../src/login/inhibit.c">
			<Option compilerVar="CC" />
		</Unit>
		<Unit filename="../src/login/loginctl.c">
			<Option compilerVar="CC" />
		</Unit>
		<Unit filename="../src/login/logind-acl.c">
			<Option compilerVar="CC" />
		</Unit>
		<Unit filename="../src/login/logind-acl.h" />
		<Unit filename="../src/login/logind-action.c">
			<Option compilerVar="CC" />
		</Unit>
		<Unit filename="../src/login/logind-action.h" />
		<Unit filename="../src/login/logind-brightness.c">
			<Option compilerVar="CC" />
		</Unit>
		<Unit filename="../src/login/logind-brightness.h" />
		<Unit filename="../src/login/logind-button.c">
			<Option compilerVar="CC" />
		</Unit>
		<Unit filename="../src/login/logind-button.h" />
		<Unit filename="../src/login/logind-core.c">
			<Option compilerVar="CC" />
		</Unit>
		<Unit filename="../src/login/logind-dbus.c">
			<Option compilerVar="CC" />
		</Unit>
		<Unit filename="../src/login/logind-dbus.h" />
		<Unit filename="../src/login/logind-device.c">
			<Option compilerVar="CC" />
		</Unit>
		<Unit filename="../src/login/logind-device.h" />
		<Unit filename="../src/login/logind-gperf.gperf" />
		<Unit filename="../src/login/logind-inhibit.c">
			<Option compilerVar="CC" />
		</Unit>
		<Unit filename="../src/login/logind-inhibit.h" />
		<Unit filename="../src/login/logind-seat-dbus.c">
			<Option compilerVar="CC" />
		</Unit>
		<Unit filename="../src/login/logind-seat-dbus.h" />
		<Unit filename="../src/login/logind-seat.c">
			<Option compilerVar="CC" />
		</Unit>
		<Unit filename="../src/login/logind-seat.h" />
		<Unit filename="../src/login/logind-session-dbus.c">
			<Option compilerVar="CC" />
		</Unit>
		<Unit filename="../src/login/logind-session-dbus.h" />
		<Unit filename="../src/login/logind-session-device.c">
			<Option compilerVar="CC" />
		</Unit>
		<Unit filename="../src/login/logind-session-device.h" />
		<Unit filename="../src/login/logind-session.c">
			<Option compilerVar="CC" />
		</Unit>
		<Unit filename="../src/login/logind-session.h" />
		<Unit filename="../src/login/logind-user-dbus.c">
			<Option compilerVar="CC" />
		</Unit>
		<Unit filename="../src/login/logind-user-dbus.h" />
		<Unit filename="../src/login/logind-user.c">
			<Option compilerVar="CC" />
		</Unit>
		<Unit filename="../src/login/logind-user.h" />
		<Unit filename="../src/login/logind-utmp.c">
			<Option compilerVar="CC" />
		</Unit>
		<Unit filename="../src/login/logind.c">
			<Option compilerVar="CC" />
		</Unit>
		<Unit filename="../src/login/logind.conf.in" />
		<Unit filename="../src/login/logind.h" />
		<Unit filename="../src/login/meson.build" />
		<Unit filename="../src/login/org.freedesktop.login1.conf" />
		<Unit filename="../src/login/org.freedesktop.login1.policy" />
		<Unit filename="../src/login/org.freedesktop.login1.service.in" />
		<Unit filename="../src/login/pam_elogind.c">
			<Option compilerVar="CC" />
		</Unit>
		<Unit filename="../src/login/pam_elogind.sym" />
		<Unit filename="../src/login/sysfs-show.c">
			<Option compilerVar="CC" />
		</Unit>
		<Unit filename="../src/login/sysfs-show.h" />
		<Unit filename="../src/login/test-inhibit.c">
			<Option compilerVar="CC" />
		</Unit>
		<Unit filename="../src/login/test-login-shared.c">
			<Option compilerVar="CC" />
		</Unit>
		<Unit filename="../src/login/test-login-tables.c">
			<Option compilerVar="CC" />
		</Unit>
		<Unit filename="../src/login/user-runtime-dir.c">
			<Option compilerVar="CC" />
		</Unit>
		<Unit filename="../src/login/user-runtime-dir.h" />
		<Unit filename="../src/shared/acl-util.c">
			<Option compilerVar="CC" />
		</Unit>
		<Unit filename="../src/shared/acl-util.h" />
		<Unit filename="../src/shared/bootspec.c">
			<Option compilerVar="CC" />
		</Unit>
		<Unit filename="../src/shared/bootspec.h" />
		<Unit filename="../src/shared/bus-polkit.c">
			<Option compilerVar="CC" />
		</Unit>
		<Unit filename="../src/shared/bus-polkit.h" />
		<Unit filename="../src/shared/bus-util.c">
			<Option compilerVar="CC" />
		</Unit>
		<Unit filename="../src/shared/bus-util.h" />
		<Unit filename="../src/shared/clean-ipc.c">
			<Option compilerVar="CC" />
		</Unit>
		<Unit filename="../src/shared/clean-ipc.h" />
		<Unit filename="../src/shared/conf-parser.c">
			<Option compilerVar="CC" />
		</Unit>
		<Unit filename="../src/shared/conf-parser.h" />
		<Unit filename="../src/shared/dev-setup.c">
			<Option compilerVar="CC" />
		</Unit>
		<Unit filename="../src/shared/dev-setup.h" />
		<Unit filename="../src/shared/efivars.c">
			<Option compilerVar="CC" />
		</Unit>
		<Unit filename="../src/shared/efivars.h" />
		<Unit filename="../src/shared/enable-mempool.c">
			<Option compilerVar="CC" />
		</Unit>
		<Unit filename="../src/shared/exec-elogind.c">
			<Option compilerVar="CC" />
		</Unit>
		<Unit filename="../src/shared/exec-elogind.h" />
		<Unit filename="../src/shared/exec-util.c">
			<Option compilerVar="CC" />
		</Unit>
		<Unit filename="../src/shared/exec-util.h" />
		<Unit filename="../src/shared/fileio-label.c">
			<Option compilerVar="CC" />
		</Unit>
		<Unit filename="../src/shared/fileio-label.h" />
		<Unit filename="../src/shared/format-table.c">
			<Option compilerVar="CC" />
		</Unit>
		<Unit filename="../src/shared/format-table.h" />
		<Unit filename="../src/shared/fsck-util.h" />
		<Unit filename="../src/shared/json-internal.h" />
		<Unit filename="../src/shared/json.c">
			<Option compilerVar="CC" />
		</Unit>
		<Unit filename="../src/shared/json.h" />
		<Unit filename="../src/shared/libshared.sym" />
		<Unit filename="../src/shared/log-link.h" />
		<Unit filename="../src/shared/main-func.h" />
		<Unit filename="../src/shared/meson.build" />
		<Unit filename="../src/shared/musl_missing.c">
			<Option compilerVar="CC" />
		</Unit>
		<Unit filename="../src/shared/musl_missing.h" />
		<Unit filename="../src/shared/nsflags.c">
			<Option compilerVar="CC" />
		</Unit>
		<Unit filename="../src/shared/nsflags.h" />
		<Unit filename="../src/shared/output-mode.c">
			<Option compilerVar="CC" />
		</Unit>
		<Unit filename="../src/shared/output-mode.h" />
		<Unit filename="../src/shared/pager.c">
			<Option compilerVar="CC" />
		</Unit>
		<Unit filename="../src/shared/pager.h" />
		<Unit filename="../src/shared/pe-header.h" />
		<Unit filename="../src/shared/pretty-print.c">
			<Option compilerVar="CC" />
		</Unit>
		<Unit filename="../src/shared/pretty-print.h" />
		<Unit filename="../src/shared/qsort_r_missing.c">
			<Option compilerVar="CC" />
		</Unit>
		<Unit filename="../src/shared/qsort_r_missing.h" />
		<Unit filename="../src/shared/reboot-util.c">
			<Option compilerVar="CC" />
		</Unit>
		<Unit filename="../src/shared/reboot-util.h" />
		<Unit filename="../src/shared/serialize.c">
			<Option compilerVar="CC" />
		</Unit>
		<Unit filename="../src/shared/serialize.h" />
		<Unit filename="../src/shared/sleep-config.c">
			<Option compilerVar="CC" />
		</Unit>
		<Unit filename="../src/shared/sleep-config.h" />
		<Unit filename="../src/shared/spawn-polkit-agent.c">
			<Option compilerVar="CC" />
		</Unit>
		<Unit filename="../src/shared/spawn-polkit-agent.h" />
		<Unit filename="../src/shared/test-tables.h" />
		<Unit filename="../src/shared/tests.c">
			<Option compilerVar="CC" />
		</Unit>
		<Unit filename="../src/shared/tests.h" />
		<Unit filename="../src/shared/udev-util.c">
			<Option compilerVar="CC" />
		</Unit>
		<Unit filename="../src/shared/udev-util.h" />
		<Unit filename="../src/shared/unit-file.c">
			<Option compilerVar="CC" />
		</Unit>
		<Unit filename="../src/shared/unit-file.h" />
		<Unit filename="../src/shared/utmp-wtmp.c">
			<Option compilerVar="CC" />
		</Unit>
		<Unit filename="../src/shared/utmp-wtmp.h" />
		<Unit filename="../src/shared/verbs.c">
			<Option compilerVar="CC" />
		</Unit>
		<Unit filename="../src/shared/verbs.h" />
		<Unit filename="../src/shared/wireguard-netlink.h" />
		<Unit filename="../src/shared/xml.c">
			<Option compilerVar="CC" />
		</Unit>
		<Unit filename="../src/shared/xml.h" />
		<Unit filename="../src/sleep/meson.build" />
		<Unit filename="../src/sleep/sleep.c">
			<Option compilerVar="CC" />
		</Unit>
		<Unit filename="../src/sleep/sleep.h" />
		<Unit filename="../src/systemd/_sd-common.h" />
		<Unit filename="../src/systemd/meson.build" />
		<Unit filename="../src/systemd/sd-bus-protocol.h" />
		<Unit filename="../src/systemd/sd-bus-vtable.h" />
		<Unit filename="../src/systemd/sd-bus.h" />
		<Unit filename="../src/systemd/sd-daemon.h" />
		<Unit filename="../src/systemd/sd-device.h" />
		<Unit filename="../src/systemd/sd-event.h" />
		<Unit filename="../src/systemd/sd-hwdb.h" />
		<Unit filename="../src/systemd/sd-id128.h" />
		<Unit filename="../src/systemd/sd-journal.h" />
		<Unit filename="../src/systemd/sd-login.h" />
		<Unit filename="../src/systemd/sd-messages.h" />
		<Unit filename="../src/test/generate-sym-test.py" />
		<Unit filename="../src/test/meson.build" />
		<Unit filename="../src/test/test-alloc-util.c">
			<Option compilerVar="CC" />
		</Unit>
		<Unit filename="../src/test/test-bus-util.c">
			<Option compilerVar="CC" />
		</Unit>
		<Unit filename="../src/test/test-cgroup-cpu.c">
			<Option compilerVar="CC" />
		</Unit>
		<Unit filename="../src/test/test-cgroup-unit-default.c">
			<Option compilerVar="CC" />
		</Unit>
		<Unit filename="../src/test/test-cgroup.c">
			<Option compilerVar="CC" />
		</Unit>
		<Unit filename="../src/test/test-chase-symlinks.c">
			<Option compilerVar="CC" />
		</Unit>
		<Unit filename="../src/test/test-conf-files.c">
			<Option compilerVar="CC" />
		</Unit>
		<Unit filename="../src/test/test-conf-parser.c">
			<Option compilerVar="CC" />
		</Unit>
		<Unit filename="../src/test/test-copy.c">
			<Option compilerVar="CC" />
		</Unit>
		<Unit filename="../src/test/test-dev-setup.c">
			<Option compilerVar="CC" />
		</Unit>
		<Unit filename="../src/test/test-dlopen.c">
			<Option compilerVar="CC" />
		</Unit>
		<Unit filename="../src/test/test-ellipsize.c">
			<Option compilerVar="CC" />
		</Unit>
		<Unit filename="../src/test/test-env-file.c">
			<Option compilerVar="CC" />
		</Unit>
		<Unit filename="../src/test/test-escape.c">
			<Option compilerVar="CC" />
		</Unit>
		<Unit filename="../src/test/test-exec-util.c">
			<Option compilerVar="CC" />
		</Unit>
		<Unit filename="../src/test/test-exit-status.c">
			<Option compilerVar="CC" />
		</Unit>
		<Unit filename="../src/test/test-extract-word.c">
			<Option compilerVar="CC" />
		</Unit>
		<Unit filename="../src/test/test-fd-util.c">
			<Option compilerVar="CC" />
		</Unit>
		<Unit filename="../src/test/test-format-table.c">
			<Option compilerVar="CC" />
		</Unit>
		<Unit filename="../src/test/test-format-util.c">
			<Option compilerVar="CC" />
		</Unit>
		<Unit filename="../src/test/test-fs-util.c">
			<Option compilerVar="CC" />
		</Unit>
		<Unit filename="../src/test/test-hash.c">
			<Option compilerVar="CC" />
		</Unit>
		<Unit filename="../src/test/test-hashmap-ordered.awk" />
		<Unit filename="../src/test/test-hashmap-plain.c">
			<Option compilerVar="CC" />
		</Unit>
		<Unit filename="../src/test/test-hashmap.c">
			<Option compilerVar="CC" />
		</Unit>
		<Unit filename="../src/test/test-helper.h" />
		<Unit filename="../src/test/test-hexdecoct.c">
			<Option compilerVar="CC" />
		</Unit>
		<Unit filename="../src/test/test-id128.c">
			<Option compilerVar="CC" />
		</Unit>
		<Unit filename="../src/test/test-io-util.c">
			<Option compilerVar="CC" />
		</Unit>
		<Unit filename="../src/test/test-ipcrm.c">
			<Option compilerVar="CC" />
		</Unit>
		<Unit filename="../src/test/test-json.c">
			<Option compilerVar="CC" />
		</Unit>
		<Unit filename="../src/test/test-list.c">
			<Option compilerVar="CC" />
		</Unit>
		<Unit filename="../src/test/test-locale-util.c">
			<Option compilerVar="CC" />
		</Unit>
		<Unit filename="../src/test/test-log.c">
			<Option compilerVar="CC" />
		</Unit>
		<Unit filename="../src/test/test-mountpoint-util.c">
			<Option compilerVar="CC" />
		</Unit>
		<Unit filename="../src/test/test-ordered-set.c">
			<Option compilerVar="CC" />
		</Unit>
		<Unit filename="../src/test/test-parse-util.c">
			<Option compilerVar="CC" />
		</Unit>
		<Unit filename="../src/test/test-path-util.c">
			<Option compilerVar="CC" />
		</Unit>
		<Unit filename="../src/test/test-pretty-print.c">
			<Option compilerVar="CC" />
		</Unit>
		<Unit filename="../src/test/test-prioq.c">
			<Option compilerVar="CC" />
		</Unit>
		<Unit filename="../src/test/test-proc-cmdline.c">
			<Option compilerVar="CC" />
		</Unit>
		<Unit filename="../src/test/test-process-util.c">
			<Option compilerVar="CC" />
		</Unit>
		<Unit filename="../src/test/test-procfs-util.c">
			<Option compilerVar="CC" />
		</Unit>
		<Unit filename="../src/test/test-random-util.c">
			<Option compilerVar="CC" />
		</Unit>
		<Unit filename="../src/test/test-selinux.c">
			<Option compilerVar="CC" />
		</Unit>
		<Unit filename="../src/test/test-set-disable-mempool.c">
			<Option compilerVar="CC" />
		</Unit>
		<Unit filename="../src/test/test-set.c">
			<Option compilerVar="CC" />
		</Unit>
		<Unit filename="../src/test/test-signal-util.c">
			<Option compilerVar="CC" />
		</Unit>
		<Unit filename="../src/test/test-siphash24.c">
			<Option compilerVar="CC" />
		</Unit>
		<Unit filename="../src/test/test-sizeof.c">
			<Option compilerVar="CC" />
		</Unit>
		<Unit filename="../src/test/test-stat-util.c">
			<Option compilerVar="CC" />
		</Unit>
		<Unit filename="../src/test/test-static-destruct.c">
			<Option compilerVar="CC" />
		</Unit>
		<Unit filename="../src/test/test-string-util.c">
			<Option compilerVar="CC" />
		</Unit>
		<Unit filename="../src/test/test-strip-tab-ansi.c">
			<Option compilerVar="CC" />
		</Unit>
		<Unit filename="../src/test/test-strxcpyx.c">
			<Option compilerVar="CC" />
		</Unit>
		<Unit filename="../src/test/test-umask-util.c">
			<Option compilerVar="CC" />
		</Unit>
		<Unit filename="../src/test/test-unaligned.c">
			<Option compilerVar="CC" />
		</Unit>
		<Unit filename="../src/test/test-unit-file.c">
			<Option compilerVar="CC" />
		</Unit>
		<Unit filename="../src/test/test-user-util.c">
			<Option compilerVar="CC" />
		</Unit>
		<Unit filename="../src/test/test-utf8.c">
			<Option compilerVar="CC" />
		</Unit>
		<Unit filename="../src/test/test-util.c">
			<Option compilerVar="CC" />
		</Unit>
		<Unit filename="../src/test/test-varlink.c">
			<Option compilerVar="CC" />
		</Unit>
		<Unit filename="../src/test/test-verbs.c">
			<Option compilerVar="CC" />
		</Unit>
		<Unit filename="../src/uaccess-command/uaccess-command.c">
			<Option compilerVar="CC" />
		</Unit>
		<Unit filename="../src/update-utmp/meson.build" />
		<Unit filename="../src/update-utmp/update-utmp.c">
			<Option compilerVar="CC" />
		</Unit>
		<Unit filename="../src/update-utmp/update-utmp.h" />
		<Unit filename="../tools/check-includes.pl" />
		<Unit filename="../tools/find-double-newline.sh" />
		<Unit filename="../tools/gdb-sd_dump_hashmaps.py" />
		<Unit filename="../tools/make-directive-index.py" />
		<Unit filename="../tools/make-index-md.sh" />
		<Unit filename="../tools/make-man-index.py" />
		<Unit filename="../tools/make-man-rules.py" />
		<Unit filename="../tools/meson-apply-m4.sh" />
		<Unit filename="../tools/meson-build.sh" />
		<Unit filename="../tools/meson-check-api-docs.sh" />
		<Unit filename="../tools/meson-check-compilation.sh" />
		<Unit filename="../tools/meson-check-help.sh" />
		<Unit filename="../tools/meson-get-cg-controller.sh" />
		<Unit filename="../tools/meson-symlink_headers.sh" />
		<Unit filename="../tools/xml_helper.py" />
		<Extensions>
			<editor_config active="1" use_tabs="0" tab_indents="0" tab_width="8" indent="8" eol_mode="2" />
			<lib_finder disable_auto="1" />
		</Extensions>
	</Project>
</CodeBlocks_project_file>
